
Microsoft Visual Studio Solution File, Format Version 12.00
# Visual Studio Version 16
VisualStudioVersion = 16.0.29306.81
MinimumVisualStudioVersion = 10.0.40219.1
Project("{FAE04EC0-301F-11D3-BF4B-00C04F79EFBC}") = "ExpressSystem.Api", "ExpressSystem.Api\ExpressSystem.Api.csproj", "{806F0777-1671-47D0-831D-1980111FC301}"
EndProject
Project("{FAE04EC0-301F-11D3-BF4B-00C04F79EFBC}") = "ExpressSystem.WeChartApi", "ExpressSystem.WeChartApi\ExpressSystem.WeChartApi.csproj", "{6B5E742F-437B-4169-A6FC-65B683AB5AB4}"
EndProject
Global
	GlobalSection(SolutionConfigurationPlatforms) = preSolution
		Debug|Any CPU = Debug|Any CPU
		Release|Any CPU = Release|Any CPU
	EndGlobalSection
	GlobalSection(ProjectConfigurationPlatforms) = postSolution
		{806F0777-1671-47D0-831D-1980111FC301}.Debug|Any CPU.ActiveCfg = Debug|Any CPU
		{806F0777-1671-47D0-831D-1980111FC301}.Debug|Any CPU.Build.0 = Debug|Any CPU
		{806F0777-1671-47D0-831D-1980111FC301}.Release|Any CPU.ActiveCfg = Release|Any CPU
		{806F0777-1671-47D0-831D-1980111FC301}.Release|Any CPU.Build.0 = Release|Any CPU
		{6B5E742F-437B-4169-A6FC-65B683AB5AB4}.Debug|Any CPU.ActiveCfg = Debug|Any CPU
		{6B5E742F-437B-4169-A6FC-65B683AB5AB4}.Debug|Any CPU.Build.0 = Debug|Any CPU
		{6B5E742F-437B-4169-A6FC-65B683AB5AB4}.Release|Any CPU.ActiveCfg = Release|Any CPU
		{6B5E742F-437B-4169-A6FC-65B683AB5AB4}.Release|Any CPU.Build.0 = Release|Any CPU
	EndGlobalSection
	GlobalSection(SolutionProperties) = preSolution
		HideSolutionNode = FALSE
	EndGlobalSection
	GlobalSection(ExtensibilityGlobals) = postSolution
		SolutionGuid = {F8D6C2E1-1264-4341-9051-5FA6E953138D}
	EndGlobalSection
EndGlobal
